
Microsoft Visual Studio Solution File, Format Version 12.00
# Visual Studio Version 16
VisualStudioVersion = 16.0.30204.135
MinimumVisualStudioVersion = 10.0.40219.1
Project("{FAE04EC0-301F-11D3-BF4B-00C04F79EFBC}") = "Image6", "Image6\Image6.csproj", "{115C2C08-B720-4D5E-9045-46A609745FD6}"
EndProject
Global
	GlobalSection(SolutionConfigurationPlatforms) = preSolution
		Debug|Any CPU = Debug|Any CPU
		Release|Any CPU = Release|Any CPU
	EndGlobalSection
	GlobalSection(ProjectConfigurationPlatforms) = postSolution
		{115C2C08-B720-4D5E-9045-46A609745FD6}.Debug|Any CPU.ActiveCfg = Debug|Any CPU
		{115C2C08-B720-4D5E-9045-46A609745FD6}.Debug|Any CPU.Build.0 = Debug|Any CPU
		{115C2C08-B720-4D5E-9045-46A609745FD6}.Release|Any CPU.ActiveCfg = Release|Any CPU
		{115C2C08-B720-4D5E-9045-46A609745FD6}.Release|Any CPU.Build.0 = Release|Any CPU
	EndGlobalSection
	GlobalSection(SolutionProperties) = preSolution
		HideSolutionNode = FALSE
	EndGlobalSection
	GlobalSection(ExtensibilityGlobals) = postSolution
		SolutionGuid = {46D060F2-ADE4-41E5-82BC-2246FC64F0FB}
	EndGlobalSection
EndGlobal
