
Microsoft Visual Studio Solution File, Format Version 12.00
# Visual Studio Version 16
VisualStudioVersion = 16.0.30204.135
MinimumVisualStudioVersion = 10.0.40219.1
Project("{FAE04EC0-301F-11D3-BF4B-00C04F79EFBC}") = "Image11", "Image11\Image11.csproj", "{B714A9A8-91A1-4B78-AA5F-F59156ED12EE}"
EndProject
Global
	GlobalSection(SolutionConfigurationPlatforms) = preSolution
		Debug|Any CPU = Debug|Any CPU
		Release|Any CPU = Release|Any CPU
	EndGlobalSection
	GlobalSection(ProjectConfigurationPlatforms) = postSolution
		{B714A9A8-91A1-4B78-AA5F-F59156ED12EE}.Debug|Any CPU.ActiveCfg = Debug|Any CPU
		{B714A9A8-91A1-4B78-AA5F-F59156ED12EE}.Debug|Any CPU.Build.0 = Debug|Any CPU
		{B714A9A8-91A1-4B78-AA5F-F59156ED12EE}.Release|Any CPU.ActiveCfg = Release|Any CPU
		{B714A9A8-91A1-4B78-AA5F-F59156ED12EE}.Release|Any CPU.Build.0 = Release|Any CPU
	EndGlobalSection
	GlobalSection(SolutionProperties) = preSolution
		HideSolutionNode = FALSE
	EndGlobalSection
	GlobalSection(ExtensibilityGlobals) = postSolution
		SolutionGuid = {EFF1BA32-D5EE-48D6-BBCB-59E482005825}
	EndGlobalSection
EndGlobal
