
Microsoft Visual Studio Solution File, Format Version 12.00
# Visual Studio Version 16
VisualStudioVersion = 16.0.30204.135
MinimumVisualStudioVersion = 10.0.40219.1
Project("{FAE04EC0-301F-11D3-BF4B-00C04F79EFBC}") = "Image10", "Image10\Image10.csproj", "{7C40199E-E472-42E1-893E-B99EB61A71EB}"
EndProject
Global
	GlobalSection(SolutionConfigurationPlatforms) = preSolution
		Debug|Any CPU = Debug|Any CPU
		Release|Any CPU = Release|Any CPU
	EndGlobalSection
	GlobalSection(ProjectConfigurationPlatforms) = postSolution
		{7C40199E-E472-42E1-893E-B99EB61A71EB}.Debug|Any CPU.ActiveCfg = Debug|Any CPU
		{7C40199E-E472-42E1-893E-B99EB61A71EB}.Debug|Any CPU.Build.0 = Debug|Any CPU
		{7C40199E-E472-42E1-893E-B99EB61A71EB}.Release|Any CPU.ActiveCfg = Release|Any CPU
		{7C40199E-E472-42E1-893E-B99EB61A71EB}.Release|Any CPU.Build.0 = Release|Any CPU
	EndGlobalSection
	GlobalSection(SolutionProperties) = preSolution
		HideSolutionNode = FALSE
	EndGlobalSection
	GlobalSection(ExtensibilityGlobals) = postSolution
		SolutionGuid = {16C112B9-A9E9-40E4-BCB6-AE2FA3224EB9}
	EndGlobalSection
EndGlobal
