
Microsoft Visual Studio Solution File, Format Version 12.00
# Visual Studio Version 16
VisualStudioVersion = 16.0.30204.135
MinimumVisualStudioVersion = 10.0.40219.1
Project("{FAE04EC0-301F-11D3-BF4B-00C04F79EFBC}") = "Image4", "Image4\Image4.csproj", "{B0DC3D4D-CA2C-454B-B55A-FFADAB65D030}"
EndProject
Global
	GlobalSection(SolutionConfigurationPlatforms) = preSolution
		Debug|Any CPU = Debug|Any CPU
		Release|Any CPU = Release|Any CPU
	EndGlobalSection
	GlobalSection(ProjectConfigurationPlatforms) = postSolution
		{B0DC3D4D-CA2C-454B-B55A-FFADAB65D030}.Debug|Any CPU.ActiveCfg = Debug|Any CPU
		{B0DC3D4D-CA2C-454B-B55A-FFADAB65D030}.Debug|Any CPU.Build.0 = Debug|Any CPU
		{B0DC3D4D-CA2C-454B-B55A-FFADAB65D030}.Release|Any CPU.ActiveCfg = Release|Any CPU
		{B0DC3D4D-CA2C-454B-B55A-FFADAB65D030}.Release|Any CPU.Build.0 = Release|Any CPU
	EndGlobalSection
	GlobalSection(SolutionProperties) = preSolution
		HideSolutionNode = FALSE
	EndGlobalSection
	GlobalSection(ExtensibilityGlobals) = postSolution
		SolutionGuid = {6C2340A7-E002-41AF-8C30-1BF55F6A7958}
	EndGlobalSection
EndGlobal
